
Microsoft Visual Studio Solution File, Format Version 12.00
# Visual Studio Version 17
VisualStudioVersion = 17.11.35327.3
MinimumVisualStudioVersion = 10.0.40219.1
Project("{FAE04EC0-301F-11D3-BF4B-00C04F79EFBC}") = "Proxy Miner", "Proxy Miner.csproj", "{02A52B97-85BB-42DB-918E-8A46F7BEECE0}"
EndProject
Global
	GlobalSection(SolutionConfigurationPlatforms) = preSolution
		Debug|Any CPU = Debug|Any CPU
		Release|Any CPU = Release|Any CPU
	EndGlobalSection
	GlobalSection(ProjectConfigurationPlatforms) = postSolution
		{02A52B97-85BB-42DB-918E-8A46F7BEECE0}.Debug|Any CPU.ActiveCfg = Debug|Any CPU
		{02A52B97-85BB-42DB-918E-8A46F7BEECE0}.Debug|Any CPU.Build.0 = Debug|Any CPU
		{02A52B97-85BB-42DB-918E-8A46F7BEECE0}.Release|Any CPU.ActiveCfg = Release|Any CPU
		{02A52B97-85BB-42DB-918E-8A46F7BEECE0}.Release|Any CPU.Build.0 = Release|Any CPU
	EndGlobalSection
	GlobalSection(SolutionProperties) = preSolution
		HideSolutionNode = FALSE
	EndGlobalSection
	GlobalSection(ExtensibilityGlobals) = postSolution
		SolutionGuid = {16AECC92-AFFD-4218-B004-CBE28A5E2A4A}
	EndGlobalSection
EndGlobal
